
Microsoft Visual Studio Solution File, Format Version 12.00
# Visual Studio 14
VisualStudioVersion = 14.0.24720.0
MinimumVisualStudioVersion = 10.0.40219.1
Project("{2150E333-8FDC-42A3-9474-1A3956D46DE8}") = "src", "src", "{89F46907-4DF5-4E18-AC5F-6A718C29F505}"
EndProject
Project("{2150E333-8FDC-42A3-9474-1A3956D46DE8}") = "Solution Items", "Solution Items", "{1E08BF23-D7E0-45EA-BC38-F5452EF2662E}"
	ProjectSection(SolutionItems) = preProject
		global.json = global.json
	EndProjectSection
EndProject
Project("{8BB2217D-0F2D-49D1-97BC-3654ED321F3B}") = "CraftToolbox", "src\CraftToolbox\CraftToolbox.xproj", "{A8B54E11-1A38-46A7-95A5-FB870121849B}"
EndProject
Global
	GlobalSection(SolutionConfigurationPlatforms) = preSolution
		Debug|Any CPU = Debug|Any CPU
		Release|Any CPU = Release|Any CPU
	EndGlobalSection
	GlobalSection(ProjectConfigurationPlatforms) = postSolution
		{A8B54E11-1A38-46A7-95A5-FB870121849B}.Debug|Any CPU.ActiveCfg = Debug|Any CPU
		{A8B54E11-1A38-46A7-95A5-FB870121849B}.Debug|Any CPU.Build.0 = Debug|Any CPU
		{A8B54E11-1A38-46A7-95A5-FB870121849B}.Release|Any CPU.ActiveCfg = Release|Any CPU
		{A8B54E11-1A38-46A7-95A5-FB870121849B}.Release|Any CPU.Build.0 = Release|Any CPU
	EndGlobalSection
	GlobalSection(SolutionProperties) = preSolution
		HideSolutionNode = FALSE
	EndGlobalSection
	GlobalSection(NestedProjects) = preSolution
		{A8B54E11-1A38-46A7-95A5-FB870121849B} = {89F46907-4DF5-4E18-AC5F-6A718C29F505}
	EndGlobalSection
EndGlobal
